// !$*UTF8*$!
{
	archiveVersion = 1;
	classes = {
	};
	objectVersion = 46;
	objects = {

/* Begin PBXBuildFile section */
		3B48D1821A3CBDC1008CD872 /* dozer.c in Sources */ = {isa = PBXBuildFile; fileRef = 3B48D1771A3CBDC1008CD872 /* dozer.c */; };
		3B48D1831A3CBDC1008CD872 /* Shell.c in Sources */ = {isa = PBXBuildFile; fileRef = 3B48D17A1A3CBDC1008CD872 /* Shell.c */; };
		3B48D1841A3CBDC1008CD872 /* Fitxer_dozer.c in Sources */ = {isa = PBXBuildFile; fileRef = 3B48D17B1A3CBDC1008CD872 /* Fitxer_dozer.c */; };
		3B48D1851A3CBDC1008CD872 /* LlistaPDI.c in Sources */ = {isa = PBXBuildFile; fileRef = 3B48D17E1A3CBDC1008CD872 /* LlistaPDI.c */; };
		3B48D1861A3CBDC1008CD872 /* makefile in Sources */ = {isa = PBXBuildFile; fileRef = 3B48D1801A3CBDC1008CD872 /* makefile */; };
		3B48D18E1A3CC07D008CD872 /* gekko.c in Sources */ = {isa = PBXBuildFile; fileRef = 3B48D1871A3CC07D008CD872 /* gekko.c */; };
		3B48D18F1A3CC07D008CD872 /* Fitxer_gekko.c in Sources */ = {isa = PBXBuildFile; fileRef = 3B48D18C1A3CC07D008CD872 /* Fitxer_gekko.c */; };
/* End PBXBuildFile section */

/* Begin PBXCopyFilesBuildPhase section */
		3B48D1551A3CB614008CD872 /* CopyFiles */ = {
			isa = PBXCopyFilesBuildPhase;
			buildActionMask = 2147483647;
			dstPath = /usr/share/man/man1/;
			dstSubfolderSpec = 0;
			files = (
			);
			runOnlyForDeploymentPostprocessing = 1;
		};
/* End PBXCopyFilesBuildPhase section */

/* Begin PBXFileReference section */
		3B48D1571A3CB614008CD872 /* Practica-SO */ = {isa = PBXFileReference; explicitFileType = "compiled.mach-o.executable"; includeInIndex = 0; path = "Practica-SO"; sourceTree = BUILT_PRODUCTS_DIR; };
		3B48D1771A3CBDC1008CD872 /* dozer.c */ = {isa = PBXFileReference; fileEncoding = 4; lastKnownFileType = sourcecode.c.c; path = dozer.c; sourceTree = "<group>"; };
		3B48D1781A3CBDC1008CD872 /* config.dat */ = {isa = PBXFileReference; fileEncoding = 4; lastKnownFileType = text; path = config.dat; sourceTree = "<group>"; };
		3B48D1791A3CBDC1008CD872 /* Tipus_dozer.h */ = {isa = PBXFileReference; fileEncoding = 4; lastKnownFileType = sourcecode.c.h; path = Tipus_dozer.h; sourceTree = "<group>"; };
		3B48D17A1A3CBDC1008CD872 /* Shell.c */ = {isa = PBXFileReference; fileEncoding = 4; lastKnownFileType = sourcecode.c.c; path = Shell.c; sourceTree = "<group>"; };
		3B48D17B1A3CBDC1008CD872 /* Fitxer_dozer.c */ = {isa = PBXFileReference; fileEncoding = 4; lastKnownFileType = sourcecode.c.c; path = Fitxer_dozer.c; sourceTree = "<group>"; };
		3B48D17C1A3CBDC1008CD872 /* Shell.h */ = {isa = PBXFileReference; fileEncoding = 4; lastKnownFileType = sourcecode.c.h; path = Shell.h; sourceTree = "<group>"; };
		3B48D17D1A3CBDC1008CD872 /* Fitxer_dozer.h */ = {isa = PBXFileReference; fileEncoding = 4; lastKnownFileType = sourcecode.c.h; path = Fitxer_dozer.h; sourceTree = "<group>"; };
		3B48D17E1A3CBDC1008CD872 /* LlistaPDI.c */ = {isa = PBXFileReference; fileEncoding = 4; lastKnownFileType = sourcecode.c.c; path = LlistaPDI.c; sourceTree = "<group>"; };
		3B48D17F1A3CBDC1008CD872 /* LlistaPDI.h */ = {isa = PBXFileReference; fileEncoding = 4; lastKnownFileType = sourcecode.c.h; path = LlistaPDI.h; sourceTree = "<group>"; };
		3B48D1801A3CBDC1008CD872 /* makefile */ = {isa = PBXFileReference; fileEncoding = 4; lastKnownFileType = sourcecode.make; path = makefile; sourceTree = "<group>"; };
		3B48D1811A3CBDC1008CD872 /* stock.dat */ = {isa = PBXFileReference; fileEncoding = 4; lastKnownFileType = text; path = stock.dat; sourceTree = "<group>"; };
		3B48D1871A3CC07D008CD872 /* gekko.c */ = {isa = PBXFileReference; fileEncoding = 4; lastKnownFileType = sourcecode.c.c; path = gekko.c; sourceTree = "<group>"; };
		3B48D1881A3CC07D008CD872 /* Tipus_gekko.h */ = {isa = PBXFileReference; fileEncoding = 4; lastKnownFileType = sourcecode.c.h; path = Tipus_gekko.h; sourceTree = "<group>"; };
		3B48D1891A3CC07D008CD872 /* config_tumblingdice.dat */ = {isa = PBXFileReference; fileEncoding = 4; lastKnownFileType = text; path = config_tumblingdice.dat; sourceTree = "<group>"; };
		3B48D18A1A3CC07D008CD872 /* TumblingDice */ = {isa = PBXFileReference; lastKnownFileType = file; path = TumblingDice; sourceTree = "<group>"; };
		3B48D18B1A3CC07D008CD872 /* Fitxer_gekko.h */ = {isa = PBXFileReference; fileEncoding = 4; lastKnownFileType = sourcecode.c.h; path = Fitxer_gekko.h; sourceTree = "<group>"; };
		3B48D18C1A3CC07D008CD872 /* Fitxer_gekko.c */ = {isa = PBXFileReference; fileEncoding = 4; lastKnownFileType = sourcecode.c.c; path = Fitxer_gekko.c; sourceTree = "<group>"; };
		3B48D18D1A3CC07D008CD872 /* ibex.dat */ = {isa = PBXFileReference; fileEncoding = 4; lastKnownFileType = text; path = ibex.dat; sourceTree = "<group>"; };
/* End PBXFileReference section */

/* Begin PBXFrameworksBuildPhase section */
		3B48D1541A3CB614008CD872 /* Frameworks */ = {
			isa = PBXFrameworksBuildPhase;
			buildActionMask = 2147483647;
			files = (
			);
			runOnlyForDeploymentPostprocessing = 0;
		};
/* End PBXFrameworksBuildPhase section */

/* Begin PBXGroup section */
		3B48D14E1A3CB613008CD872 = {
			isa = PBXGroup;
			children = (
				3B48D1591A3CB614008CD872 /* Practica-SO */,
				3B48D1581A3CB614008CD872 /* Products */,
			);
			sourceTree = "<group>";
		};
		3B48D1581A3CB614008CD872 /* Products */ = {
			isa = PBXGroup;
			children = (
				3B48D1571A3CB614008CD872 /* Practica-SO */,
			);
			name = Products;
			sourceTree = "<group>";
		};
		3B48D1591A3CB614008CD872 /* Practica-SO */ = {
			isa = PBXGroup;
			children = (
				3B48D1801A3CBDC1008CD872 /* makefile */,
				3B48D1761A3CBD5B008CD872 /* Dozer */,
				3B48D1751A3CBD55008CD872 /* Gekko */,
			);
			path = "Practica-SO";
			sourceTree = "<group>";
		};
		3B48D1751A3CBD55008CD872 /* Gekko */ = {
			isa = PBXGroup;
			children = (
				3B48D1871A3CC07D008CD872 /* gekko.c */,
				3B48D1881A3CC07D008CD872 /* Tipus_gekko.h */,
				3B48D1891A3CC07D008CD872 /* config_tumblingdice.dat */,
				3B48D18A1A3CC07D008CD872 /* TumblingDice */,
				3B48D18B1A3CC07D008CD872 /* Fitxer_gekko.h */,
				3B48D18C1A3CC07D008CD872 /* Fitxer_gekko.c */,
				3B48D18D1A3CC07D008CD872 /* ibex.dat */,
			);
			name = Gekko;
			sourceTree = "<group>";
		};
		3B48D1761A3CBD5B008CD872 /* Dozer */ = {
			isa = PBXGroup;
			children = (
				3B48D1771A3CBDC1008CD872 /* dozer.c */,
				3B48D1781A3CBDC1008CD872 /* config.dat */,
				3B48D1791A3CBDC1008CD872 /* Tipus_dozer.h */,
				3B48D17A1A3CBDC1008CD872 /* Shell.c */,
				3B48D17B1A3CBDC1008CD872 /* Fitxer_dozer.c */,
				3B48D17C1A3CBDC1008CD872 /* Shell.h */,
				3B48D17D1A3CBDC1008CD872 /* Fitxer_dozer.h */,
				3B48D17E1A3CBDC1008CD872 /* LlistaPDI.c */,
				3B48D17F1A3CBDC1008CD872 /* LlistaPDI.h */,
				3B48D1811A3CBDC1008CD872 /* stock.dat */,
			);
			name = Dozer;
			sourceTree = "<group>";
		};
/* End PBXGroup section */

/* Begin PBXNativeTarget section */
		3B48D1561A3CB614008CD872 /* Practica-SO */ = {
			isa = PBXNativeTarget;
			buildConfigurationList = 3B48D15E1A3CB614008CD872 /* Build configuration list for PBXNativeTarget "Practica-SO" */;
			buildPhases = (
				3B48D1531A3CB614008CD872 /* Sources */,
				3B48D1541A3CB614008CD872 /* Frameworks */,
				3B48D1551A3CB614008CD872 /* CopyFiles */,
			);
			buildRules = (
			);
			dependencies = (
			);
			name = "Practica-SO";
			productName = "Practica-SO";
			productReference = 3B48D1571A3CB614008CD872 /* Practica-SO */;
			productType = "com.apple.product-type.tool";
		};
/* End PBXNativeTarget section */

/* Begin PBXProject section */
		3B48D14F1A3CB613008CD872 /* Project object */ = {
			isa = PBXProject;
			attributes = {
				LastUpgradeCheck = 0600;
				ORGANIZATIONNAME = SO;
				TargetAttributes = {
					3B48D1561A3CB614008CD872 = {
						CreatedOnToolsVersion = 6.0.1;
					};
				};
			};
			buildConfigurationList = 3B48D1521A3CB614008CD872 /* Build configuration list for PBXProject "Practica-SO" */;
			compatibilityVersion = "Xcode 3.2";
			developmentRegion = English;
			hasScannedForEncodings = 0;
			knownRegions = (
				en,
			);
			mainGroup = 3B48D14E1A3CB613008CD872;
			productRefGroup = 3B48D1581A3CB614008CD872 /* Products */;
			projectDirPath = "";
			projectRoot = "";
			targets = (
				3B48D1561A3CB614008CD872 /* Practica-SO */,
			);
		};
/* End PBXProject section */

/* Begin PBXSourcesBuildPhase section */
		3B48D1531A3CB614008CD872 /* Sources */ = {
			isa = PBXSourcesBuildPhase;
			buildActionMask = 2147483647;
			files = (
				3B48D1831A3CBDC1008CD872 /* Shell.c in Sources */,
				3B48D18F1A3CC07D008CD872 /* Fitxer_gekko.c in Sources */,
				3B48D1821A3CBDC1008CD872 /* dozer.c in Sources */,
				3B48D18E1A3CC07D008CD872 /* gekko.c in Sources */,
				3B48D1851A3CBDC1008CD872 /* LlistaPDI.c in Sources */,
				3B48D1841A3CBDC1008CD872 /* Fitxer_dozer.c in Sources */,
				3B48D1861A3CBDC1008CD872 /* makefile in Sources */,
			);
			runOnlyForDeploymentPostprocessing = 0;
		};
/* End PBXSourcesBuildPhase section */

/* Begin XCBuildConfiguration section */
		3B48D15C1A3CB614008CD872 /* Debug */ = {
			isa = XCBuildConfiguration;
			buildSettings = {
				ALWAYS_SEARCH_USER_PATHS = NO;
				CLANG_CXX_LANGUAGE_STANDARD = "gnu++0x";
				CLANG_CXX_LIBRARY = "libc++";
				CLANG_ENABLE_MODULES = YES;
				CLANG_ENABLE_OBJC_ARC = YES;
				CLANG_WARN_BOOL_CONVERSION = YES;
				CLANG_WARN_CONSTANT_CONVERSION = YES;
				CLANG_WARN_DIRECT_OBJC_ISA_USAGE = YES_ERROR;
				CLANG_WARN_EMPTY_BODY = YES;
				CLANG_WARN_ENUM_CONVERSION = YES;
				CLANG_WARN_INT_CONVERSION = YES;
				CLANG_WARN_OBJC_ROOT_CLASS = YES_ERROR;
				CLANG_WARN_UNREACHABLE_CODE = YES;
				CLANG_WARN__DUPLICATE_METHOD_MATCH = YES;
				COPY_PHASE_STRIP = NO;
				ENABLE_STRICT_OBJC_MSGSEND = YES;
				GCC_C_LANGUAGE_STANDARD = gnu99;
				GCC_DYNAMIC_NO_PIC = NO;
				GCC_OPTIMIZATION_LEVEL = 0;
				GCC_PREPROCESSOR_DEFINITIONS = (
					"DEBUG=1",
					"$(inherited)",
				);
				GCC_SYMBOLS_PRIVATE_EXTERN = NO;
				GCC_WARN_64_TO_32_BIT_CONVERSION = YES;
				GCC_WARN_ABOUT_RETURN_TYPE = YES_ERROR;
				GCC_WARN_UNDECLARED_SELECTOR = YES;
				GCC_WARN_UNINITIALIZED_AUTOS = YES_AGGRESSIVE;
				GCC_WARN_UNUSED_FUNCTION = YES;
				GCC_WARN_UNUSED_VARIABLE = YES;
				MACOSX_DEPLOYMENT_TARGET = 10.9;
				MTL_ENABLE_DEBUG_INFO = YES;
				ONLY_ACTIVE_ARCH = YES;
				SDKROOT = macosx;
			};
			name = Debug;
		};
		3B48D15D1A3CB614008CD872 /* Release */ = {
			isa = XCBuildConfiguration;
			buildSettings = {
				ALWAYS_SEARCH_USER_PATHS = NO;
				CLANG_CXX_LANGUAGE_STANDARD = "gnu++0x";
				CLANG_CXX_LIBRARY = "libc++";
				CLANG_ENABLE_MODULES = YES;
				CLANG_ENABLE_OBJC_ARC = YES;
				CLANG_WARN_BOOL_CONVERSION = YES;
				CLANG_WARN_CONSTANT_CONVERSION = YES;
				CLANG_WARN_DIRECT_OBJC_ISA_USAGE = YES_ERROR;
				CLANG_WARN_EMPTY_BODY = YES;
				CLANG_WARN_ENUM_CONVERSION = YES;
				CLANG_WARN_INT_CONVERSION = YES;
				CLANG_WARN_OBJC_ROOT_CLASS = YES_ERROR;
				CLANG_WARN_UNREACHABLE_CODE = YES;
				CLANG_WARN__DUPLICATE_METHOD_MATCH = YES;
				COPY_PHASE_STRIP = YES;
				DEBUG_INFORMATION_FORMAT = "dwarf-with-dsym";
				ENABLE_NS_ASSERTIONS = NO;
				ENABLE_STRICT_OBJC_MSGSEND = YES;
				GCC_C_LANGUAGE_STANDARD = gnu99;
				GCC_WARN_64_TO_32_BIT_CONVERSION = YES;
				GCC_WARN_ABOUT_RETURN_TYPE = YES_ERROR;
				GCC_WARN_UNDECLARED_SELECTOR = YES;
				GCC_WARN_UNINITIALIZED_AUTOS = YES_AGGRESSIVE;
				GCC_WARN_UNUSED_FUNCTION = YES;
				GCC_WARN_UNUSED_VARIABLE = YES;
				MACOSX_DEPLOYMENT_TARGET = 10.9;
				MTL_ENABLE_DEBUG_INFO = NO;
				SDKROOT = macosx;
			};
			name = Release;
		};
		3B48D15F1A3CB614008CD872 /* Debug */ = {
			isa = XCBuildConfiguration;
			buildSettings = {
				PRODUCT_NAME = "$(TARGET_NAME)";
			};
			name = Debug;
		};
		3B48D1601A3CB614008CD872 /* Release */ = {
			isa = XCBuildConfiguration;
			buildSettings = {
				PRODUCT_NAME = "$(TARGET_NAME)";
			};
			name = Release;
		};
/* End XCBuildConfiguration section */

/* Begin XCConfigurationList section */
		3B48D1521A3CB614008CD872 /* Build configuration list for PBXProject "Practica-SO" */ = {
			isa = XCConfigurationList;
			buildConfigurations = (
				3B48D15C1A3CB614008CD872 /* Debug */,
				3B48D15D1A3CB614008CD872 /* Release */,
			);
			defaultConfigurationIsVisible = 0;
			defaultConfigurationName = Release;
		};
		3B48D15E1A3CB614008CD872 /* Build configuration list for PBXNativeTarget "Practica-SO" */ = {
			isa = XCConfigurationList;
			buildConfigurations = (
				3B48D15F1A3CB614008CD872 /* Debug */,
				3B48D1601A3CB614008CD872 /* Release */,
			);
			defaultConfigurationIsVisible = 0;
			defaultConfigurationName = Release;
		};
/* End XCConfigurationList section */
	};
	rootObject = 3B48D14F1A3CB613008CD872 /* Project object */;
}
